
Microsoft Visual Studio Solution File, Format Version 12.00
# Visual Studio Version 16
VisualStudioVersion = 16.0.29403.142
MinimumVisualStudioVersion = 10.0.40219.1
Project("{9A19103F-16F7-4668-BE54-9A1E7A4F7556}") = "SoloX.SlnAggregate", "src\tools\SoloX.SlnAggregate\SoloX.SlnAggregate.csproj", "{21BA2683-DAD7-4FB9-84E2-AE81380AAEDB}"
EndProject
Project("{FAE04EC0-301F-11D3-BF4B-00C04F79EFBC}") = "SoloX.SlnAggregate.ITest", "src\tools.tests\SoloX.SlnAggregate.ITest\SoloX.SlnAggregate.ITest.csproj", "{5AC47676-E671-43FC-B0BF-96C5C072577D}"
EndProject
Global
	GlobalSection(SolutionConfigurationPlatforms) = preSolution
		Debug|Any CPU = Debug|Any CPU
		Release|Any CPU = Release|Any CPU
	EndGlobalSection
	GlobalSection(ProjectConfigurationPlatforms) = postSolution
		{21BA2683-DAD7-4FB9-84E2-AE81380AAEDB}.Debug|Any CPU.ActiveCfg = Debug|Any CPU
		{21BA2683-DAD7-4FB9-84E2-AE81380AAEDB}.Debug|Any CPU.Build.0 = Debug|Any CPU
		{21BA2683-DAD7-4FB9-84E2-AE81380AAEDB}.Release|Any CPU.ActiveCfg = Release|Any CPU
		{21BA2683-DAD7-4FB9-84E2-AE81380AAEDB}.Release|Any CPU.Build.0 = Release|Any CPU
		{5AC47676-E671-43FC-B0BF-96C5C072577D}.Debug|Any CPU.ActiveCfg = Debug|Any CPU
		{5AC47676-E671-43FC-B0BF-96C5C072577D}.Debug|Any CPU.Build.0 = Debug|Any CPU
		{5AC47676-E671-43FC-B0BF-96C5C072577D}.Release|Any CPU.ActiveCfg = Release|Any CPU
		{5AC47676-E671-43FC-B0BF-96C5C072577D}.Release|Any CPU.Build.0 = Release|Any CPU
	EndGlobalSection
	GlobalSection(SolutionProperties) = preSolution
		HideSolutionNode = FALSE
	EndGlobalSection
	GlobalSection(ExtensibilityGlobals) = postSolution
		SolutionGuid = {1914F32F-755E-4058-83F5-2FB315E027A2}
	EndGlobalSection
EndGlobal
